
Microsoft Visual Studio Solution File, Format Version 12.00
# Visual Studio Version 17
VisualStudioVersion = 17.11.35222.181
MinimumVisualStudioVersion = 10.0.40219.1
Project("{9A19103F-16F7-4668-BE54-9A1E7A4F7556}") = "UmbracoCMS-bawin23", "UmbracoCMS-bawin23\UmbracoCMS-bawin23.csproj", "{F7EB846A-0C1E-4D78-A921-20B811A0219F}"
EndProject
Global
	GlobalSection(SolutionConfigurationPlatforms) = preSolution
		Debug|Any CPU = Debug|Any CPU
		Release|Any CPU = Release|Any CPU
	EndGlobalSection
	GlobalSection(ProjectConfigurationPlatforms) = postSolution
		{F7EB846A-0C1E-4D78-A921-20B811A0219F}.Debug|Any CPU.ActiveCfg = Debug|Any CPU
		{F7EB846A-0C1E-4D78-A921-20B811A0219F}.Debug|Any CPU.Build.0 = Debug|Any CPU
		{F7EB846A-0C1E-4D78-A921-20B811A0219F}.Release|Any CPU.ActiveCfg = Release|Any CPU
		{F7EB846A-0C1E-4D78-A921-20B811A0219F}.Release|Any CPU.Build.0 = Release|Any CPU
	EndGlobalSection
	GlobalSection(SolutionProperties) = preSolution
		HideSolutionNode = FALSE
	EndGlobalSection
	GlobalSection(ExtensibilityGlobals) = postSolution
		SolutionGuid = {8759EA1A-A841-4680-B4DE-430CB50EEF42}
	EndGlobalSection
EndGlobal
